// !$*UTF8*$!
{
	archiveVersion = 1;
	classes = {
	};
	objectVersion = 56;
	objects = {

/* Begin PBXBuildFile section */
		7006662729FAC60400305FE6 /* AppDelegate.swift in Sources */ = {isa = PBXBuildFile; fileRef = 7006662629FAC60400305FE6 /* AppDelegate.swift */; };
		7006662929FAC60400305FE6 /* SceneDelegate.swift in Sources */ = {isa = PBXBuildFile; fileRef = 7006662829FAC60400305FE6 /* SceneDelegate.swift */; };
		7006662E29FAC60400305FE6 /* Main.storyboard in Resources */ = {isa = PBXBuildFile; fileRef = 7006662C29FAC60400305FE6 /* Main.storyboard */; };
		7006663029FAC60600305FE6 /* Assets.xcassets in Resources */ = {isa = PBXBuildFile; fileRef = 7006662F29FAC60600305FE6 /* Assets.xcassets */; };
		7006663329FAC60600305FE6 /* LaunchScreen.storyboard in Resources */ = {isa = PBXBuildFile; fileRef = 7006663129FAC60600305FE6 /* LaunchScreen.storyboard */; };
		7006664129FB119C00305FE6 /* Realm in Frameworks */ = {isa = PBXBuildFile; productRef = 7006664029FB119C00305FE6 /* Realm */; };
		7006664329FB119C00305FE6 /* RealmSwift in Frameworks */ = {isa = PBXBuildFile; productRef = 7006664229FB119C00305FE6 /* RealmSwift */; };
		7006664C29FBDE7600305FE6 /* TaskList.swift in Sources */ = {isa = PBXBuildFile; fileRef = 7006664B29FBDE7600305FE6 /* TaskList.swift */; };
		7006664E29FBDF2300305FE6 /* TaskListViewController.swift in Sources */ = {isa = PBXBuildFile; fileRef = 7006664D29FBDF2300305FE6 /* TaskListViewController.swift */; };
		7006665029FBDF2F00305FE6 /* TaskTableViewController.swift in Sources */ = {isa = PBXBuildFile; fileRef = 7006664F29FBDF2F00305FE6 /* TaskTableViewController.swift */; };
		7006665629FBE02100305FE6 /* ExtensionAlertViewController.swift in Sources */ = {isa = PBXBuildFile; fileRef = 7006665529FBE02100305FE6 /* ExtensionAlertViewController.swift */; };
		7006665829FD396900305FE6 /* StorageManager.swift in Sources */ = {isa = PBXBuildFile; fileRef = 7006665729FD396900305FE6 /* StorageManager.swift */; };
		7006665A29FD762500305FE6 /* DataManager.swift in Sources */ = {isa = PBXBuildFile; fileRef = 7006665929FD762500305FE6 /* DataManager.swift */; };
		7006665D29FECAEF00305FE6 /* TaskListTableViewCell.swift in Sources */ = {isa = PBXBuildFile; fileRef = 7006665C29FECAEF00305FE6 /* TaskListTableViewCell.swift */; };
/* End PBXBuildFile section */

/* Begin PBXFileReference section */
		7006662329FAC60400305FE6 /* TaskListWithRealmTest.app */ = {isa = PBXFileReference; explicitFileType = wrapper.application; includeInIndex = 0; path = TaskListWithRealmTest.app; sourceTree = BUILT_PRODUCTS_DIR; };
		7006662629FAC60400305FE6 /* AppDelegate.swift */ = {isa = PBXFileReference; lastKnownFileType = sourcecode.swift; path = AppDelegate.swift; sourceTree = "<group>"; };
		7006662829FAC60400305FE6 /* SceneDelegate.swift */ = {isa = PBXFileReference; lastKnownFileType = sourcecode.swift; path = SceneDelegate.swift; sourceTree = "<group>"; };
		7006662D29FAC60400305FE6 /* Base */ = {isa = PBXFileReference; lastKnownFileType = file.storyboard; name = Base; path = Base.lproj/Main.storyboard; sourceTree = "<group>"; };
		7006662F29FAC60600305FE6 /* Assets.xcassets */ = {isa = PBXFileReference; lastKnownFileType = folder.assetcatalog; path = Assets.xcassets; sourceTree = "<group>"; };
		7006663229FAC60600305FE6 /* Base */ = {isa = PBXFileReference; lastKnownFileType = file.storyboard; name = Base; path = Base.lproj/LaunchScreen.storyboard; sourceTree = "<group>"; };
		7006663429FAC60600305FE6 /* Info.plist */ = {isa = PBXFileReference; lastKnownFileType = text.plist.xml; path = Info.plist; sourceTree = "<group>"; };
		7006664B29FBDE7600305FE6 /* TaskList.swift */ = {isa = PBXFileReference; lastKnownFileType = sourcecode.swift; path = TaskList.swift; sourceTree = "<group>"; };
		7006664D29FBDF2300305FE6 /* TaskListViewController.swift */ = {isa = PBXFileReference; lastKnownFileType = sourcecode.swift; path = TaskListViewController.swift; sourceTree = "<group>"; };
		7006664F29FBDF2F00305FE6 /* TaskTableViewController.swift */ = {isa = PBXFileReference; lastKnownFileType = sourcecode.swift; path = TaskTableViewController.swift; sourceTree = "<group>"; };
		7006665529FBE02100305FE6 /* ExtensionAlertViewController.swift */ = {isa = PBXFileReference; lastKnownFileType = sourcecode.swift; path = ExtensionAlertViewController.swift; sourceTree = "<group>"; };
		7006665729FD396900305FE6 /* StorageManager.swift */ = {isa = PBXFileReference; lastKnownFileType = sourcecode.swift; path = StorageManager.swift; sourceTree = "<group>"; };
		7006665929FD762500305FE6 /* DataManager.swift */ = {isa = PBXFileReference; lastKnownFileType = sourcecode.swift; path = DataManager.swift; sourceTree = "<group>"; };
		7006665C29FECAEF00305FE6 /* TaskListTableViewCell.swift */ = {isa = PBXFileReference; lastKnownFileType = sourcecode.swift; path = TaskListTableViewCell.swift; sourceTree = "<group>"; };
/* End PBXFileReference section */

/* Begin PBXFrameworksBuildPhase section */
		7006662029FAC60400305FE6 /* Frameworks */ = {
			isa = PBXFrameworksBuildPhase;
			buildActionMask = 2147483647;
			files = (
				7006664329FB119C00305FE6 /* RealmSwift in Frameworks */,
				7006664129FB119C00305FE6 /* Realm in Frameworks */,
			);
			runOnlyForDeploymentPostprocessing = 0;
		};
/* End PBXFrameworksBuildPhase section */

/* Begin PBXGroup section */
		7006661A29FAC60400305FE6 = {
			isa = PBXGroup;
			children = (
				7006662529FAC60400305FE6 /* TaskListWithRealmTest */,
				7006662429FAC60400305FE6 /* Products */,
				7006663F29FB119C00305FE6 /* Frameworks */,
			);
			sourceTree = "<group>";
		};
		7006662429FAC60400305FE6 /* Products */ = {
			isa = PBXGroup;
			children = (
				7006662329FAC60400305FE6 /* TaskListWithRealmTest.app */,
			);
			name = Products;
			sourceTree = "<group>";
		};
		7006662529FAC60400305FE6 /* TaskListWithRealmTest */ = {
			isa = PBXGroup;
			children = (
				7006665B29FECAD400305FE6 /* Views */,
				7006665429FBDFEF00305FE6 /* Extensions */,
				7006664A29FBDE4F00305FE6 /* Models */,
				7006664829FBDE0A00305FE6 /* Services */,
				7006664729FBDDFB00305FE6 /* ViewControllers */,
				7006664529FBDDC000305FE6 /* App */,
				7006664429FBDDAE00305FE6 /* Storyboards */,
				7006664629FBDDE000305FE6 /* Resources */,
			);
			path = TaskListWithRealmTest;
			sourceTree = "<group>";
		};
		7006663F29FB119C00305FE6 /* Frameworks */ = {
			isa = PBXGroup;
			children = (
			);
			name = Frameworks;
			sourceTree = "<group>";
		};
		7006664429FBDDAE00305FE6 /* Storyboards */ = {
			isa = PBXGroup;
			children = (
				7006662C29FAC60400305FE6 /* Main.storyboard */,
				7006663129FAC60600305FE6 /* LaunchScreen.storyboard */,
			);
			path = Storyboards;
			sourceTree = "<group>";
		};
		7006664529FBDDC000305FE6 /* App */ = {
			isa = PBXGroup;
			children = (
				7006662629FAC60400305FE6 /* AppDelegate.swift */,
				7006662829FAC60400305FE6 /* SceneDelegate.swift */,
				7006663429FAC60600305FE6 /* Info.plist */,
			);
			path = App;
			sourceTree = "<group>";
		};
		7006664629FBDDE000305FE6 /* Resources */ = {
			isa = PBXGroup;
			children = (
				7006662F29FAC60600305FE6 /* Assets.xcassets */,
			);
			path = Resources;
			sourceTree = "<group>";
		};
		7006664729FBDDFB00305FE6 /* ViewControllers */ = {
			isa = PBXGroup;
			children = (
				7006664D29FBDF2300305FE6 /* TaskListViewController.swift */,
				7006664F29FBDF2F00305FE6 /* TaskTableViewController.swift */,
			);
			path = ViewControllers;
			sourceTree = "<group>";
		};
		7006664829FBDE0A00305FE6 /* Services */ = {
			isa = PBXGroup;
			children = (
				7006665729FD396900305FE6 /* StorageManager.swift */,
				7006665929FD762500305FE6 /* DataManager.swift */,
			);
			name = Services;
			sourceTree = "<group>";
		};
		7006664A29FBDE4F00305FE6 /* Models */ = {
			isa = PBXGroup;
			children = (
				7006664B29FBDE7600305FE6 /* TaskList.swift */,
			);
			path = Models;
			sourceTree = "<group>";
		};
		7006665429FBDFEF00305FE6 /* Extensions */ = {
			isa = PBXGroup;
			children = (
				7006665529FBE02100305FE6 /* ExtensionAlertViewController.swift */,
			);
			path = Extensions;
			sourceTree = "<group>";
		};
		7006665B29FECAD400305FE6 /* Views */ = {
			isa = PBXGroup;
			children = (
				7006665C29FECAEF00305FE6 /* TaskListTableViewCell.swift */,
			);
			path = Views;
			sourceTree = "<group>";
		};
/* End PBXGroup section */

/* Begin PBXNativeTarget section */
		7006662229FAC60400305FE6 /* TaskListWithRealmTest */ = {
			isa = PBXNativeTarget;
			buildConfigurationList = 7006663729FAC60600305FE6 /* Build configuration list for PBXNativeTarget "TaskListWithRealmTest" */;
			buildPhases = (
				7006661F29FAC60400305FE6 /* Sources */,
				7006662029FAC60400305FE6 /* Frameworks */,
				7006662129FAC60400305FE6 /* Resources */,
			);
			buildRules = (
			);
			dependencies = (
			);
			name = TaskListWithRealmTest;
			packageProductDependencies = (
				7006664029FB119C00305FE6 /* Realm */,
				7006664229FB119C00305FE6 /* RealmSwift */,
			);
			productName = TaskListWithRealmTest;
			productReference = 7006662329FAC60400305FE6 /* TaskListWithRealmTest.app */;
			productType = "com.apple.product-type.application";
		};
/* End PBXNativeTarget section */

/* Begin PBXProject section */
		7006661B29FAC60400305FE6 /* Project object */ = {
			isa = PBXProject;
			attributes = {
				BuildIndependentTargetsInParallel = 1;
				LastSwiftUpdateCheck = 1430;
				LastUpgradeCheck = 1430;
				TargetAttributes = {
					7006662229FAC60400305FE6 = {
						CreatedOnToolsVersion = 14.3;
					};
				};
			};
			buildConfigurationList = 7006661E29FAC60400305FE6 /* Build configuration list for PBXProject "TaskListWithRealmTest" */;
			compatibilityVersion = "Xcode 14.0";
			developmentRegion = en;
			hasScannedForEncodings = 0;
			knownRegions = (
				en,
				Base,
			);
			mainGroup = 7006661A29FAC60400305FE6;
			packageReferences = (
				7006663A29FAC73800305FE6 /* XCRemoteSwiftPackageReference "realm-swift" */,
			);
			productRefGroup = 7006662429FAC60400305FE6 /* Products */;
			projectDirPath = "";
			projectRoot = "";
			targets = (
				7006662229FAC60400305FE6 /* TaskListWithRealmTest */,
			);
		};
/* End PBXProject section */

/* Begin PBXResourcesBuildPhase section */
		7006662129FAC60400305FE6 /* Resources */ = {
			isa = PBXResourcesBuildPhase;
			buildActionMask = 2147483647;
			files = (
				7006663329FAC60600305FE6 /* LaunchScreen.storyboard in Resources */,
				7006663029FAC60600305FE6 /* Assets.xcassets in Resources */,
				7006662E29FAC60400305FE6 /* Main.storyboard in Resources */,
			);
			runOnlyForDeploymentPostprocessing = 0;
		};
/* End PBXResourcesBuildPhase section */

/* Begin PBXSourcesBuildPhase section */
		7006661F29FAC60400305FE6 /* Sources */ = {
			isa = PBXSourcesBuildPhase;
			buildActionMask = 2147483647;
			files = (
				7006665629FBE02100305FE6 /* ExtensionAlertViewController.swift in Sources */,
				7006665A29FD762500305FE6 /* DataManager.swift in Sources */,
				7006665D29FECAEF00305FE6 /* TaskListTableViewCell.swift in Sources */,
				7006665029FBDF2F00305FE6 /* TaskTableViewController.swift in Sources */,
				7006664C29FBDE7600305FE6 /* TaskList.swift in Sources */,
				7006662729FAC60400305FE6 /* AppDelegate.swift in Sources */,
				7006664E29FBDF2300305FE6 /* TaskListViewController.swift in Sources */,
				7006662929FAC60400305FE6 /* SceneDelegate.swift in Sources */,
				7006665829FD396900305FE6 /* StorageManager.swift in Sources */,
			);
			runOnlyForDeploymentPostprocessing = 0;
		};
/* End PBXSourcesBuildPhase section */

/* Begin PBXVariantGroup section */
		7006662C29FAC60400305FE6 /* Main.storyboard */ = {
			isa = PBXVariantGroup;
			children = (
				7006662D29FAC60400305FE6 /* Base */,
			);
			name = Main.storyboard;
			sourceTree = "<group>";
		};
		7006663129FAC60600305FE6 /* LaunchScreen.storyboard */ = {
			isa = PBXVariantGroup;
			children = (
				7006663229FAC60600305FE6 /* Base */,
			);
			name = LaunchScreen.storyboard;
			sourceTree = "<group>";
		};
/* End PBXVariantGroup section */

/* Begin XCBuildConfiguration section */
		7006663529FAC60600305FE6 /* Debug */ = {
			isa = XCBuildConfiguration;
			buildSettings = {
				ALWAYS_SEARCH_USER_PATHS = NO;
				CLANG_ANALYZER_NONNULL = YES;
				CLANG_ANALYZER_NUMBER_OBJECT_CONVERSION = YES_AGGRESSIVE;
				CLANG_CXX_LANGUAGE_STANDARD = "gnu++20";
				CLANG_ENABLE_MODULES = YES;
				CLANG_ENABLE_OBJC_ARC = YES;
				CLANG_ENABLE_OBJC_WEAK = YES;
				CLANG_WARN_BLOCK_CAPTURE_AUTORELEASING = YES;
				CLANG_WARN_BOOL_CONVERSION = YES;
				CLANG_WARN_COMMA = YES;
				CLANG_WARN_CONSTANT_CONVERSION = YES;
				CLANG_WARN_DEPRECATED_OBJC_IMPLEMENTATIONS = YES;
				CLANG_WARN_DIRECT_OBJC_ISA_USAGE = YES_ERROR;
				CLANG_WARN_DOCUMENTATION_COMMENTS = YES;
				CLANG_WARN_EMPTY_BODY = YES;
				CLANG_WARN_ENUM_CONVERSION = YES;
				CLANG_WARN_INFINITE_RECURSION = YES;
				CLANG_WARN_INT_CONVERSION = YES;
				CLANG_WARN_NON_LITERAL_NULL_CONVERSION = YES;
				CLANG_WARN_OBJC_IMPLICIT_RETAIN_SELF = YES;
				CLANG_WARN_OBJC_LITERAL_CONVERSION = YES;
				CLANG_WARN_OBJC_ROOT_CLASS = YES_ERROR;
				CLANG_WARN_QUOTED_INCLUDE_IN_FRAMEWORK_HEADER = YES;
				CLANG_WARN_RANGE_LOOP_ANALYSIS = YES;
				CLANG_WARN_STRICT_PROTOTYPES = YES;
				CLANG_WARN_SUSPICIOUS_MOVE = YES;
				CLANG_WARN_UNGUARDED_AVAILABILITY = YES_AGGRESSIVE;
				CLANG_WARN_UNREACHABLE_CODE = YES;
				CLANG_WARN__DUPLICATE_METHOD_MATCH = YES;
				COPY_PHASE_STRIP = NO;
				DEBUG_INFORMATION_FORMAT = dwarf;
				ENABLE_STRICT_OBJC_MSGSEND = YES;
				ENABLE_TESTABILITY = YES;
				GCC_C_LANGUAGE_STANDARD = gnu11;
				GCC_DYNAMIC_NO_PIC = NO;
				GCC_NO_COMMON_BLOCKS = YES;
				GCC_OPTIMIZATION_LEVEL = 0;
				GCC_PREPROCESSOR_DEFINITIONS = (
					"DEBUG=1",
					"$(inherited)",
				);
				GCC_WARN_64_TO_32_BIT_CONVERSION = YES;
				GCC_WARN_ABOUT_RETURN_TYPE = YES_ERROR;
				GCC_WARN_UNDECLARED_SELECTOR = YES;
				GCC_WARN_UNINITIALIZED_AUTOS = YES_AGGRESSIVE;
				GCC_WARN_UNUSED_FUNCTION = YES;
				GCC_WARN_UNUSED_VARIABLE = YES;
				IPHONEOS_DEPLOYMENT_TARGET = 16.4;
				MTL_ENABLE_DEBUG_INFO = INCLUDE_SOURCE;
				MTL_FAST_MATH = YES;
				ONLY_ACTIVE_ARCH = YES;
				SDKROOT = iphoneos;
				SWIFT_ACTIVE_COMPILATION_CONDITIONS = DEBUG;
				SWIFT_OPTIMIZATION_LEVEL = "-Onone";
			};
			name = Debug;
		};
		7006663629FAC60600305FE6 /* Release */ = {
			isa = XCBuildConfiguration;
			buildSettings = {
				ALWAYS_SEARCH_USER_PATHS = NO;
				CLANG_ANALYZER_NONNULL = YES;
				CLANG_ANALYZER_NUMBER_OBJECT_CONVERSION = YES_AGGRESSIVE;
				CLANG_CXX_LANGUAGE_STANDARD = "gnu++20";
				CLANG_ENABLE_MODULES = YES;
				CLANG_ENABLE_OBJC_ARC = YES;
				CLANG_ENABLE_OBJC_WEAK = YES;
				CLANG_WARN_BLOCK_CAPTURE_AUTORELEASING = YES;
				CLANG_WARN_BOOL_CONVERSION = YES;
				CLANG_WARN_COMMA = YES;
				CLANG_WARN_CONSTANT_CONVERSION = YES;
				CLANG_WARN_DEPRECATED_OBJC_IMPLEMENTATIONS = YES;
				CLANG_WARN_DIRECT_OBJC_ISA_USAGE = YES_ERROR;
				CLANG_WARN_DOCUMENTATION_COMMENTS = YES;
				CLANG_WARN_EMPTY_BODY = YES;
				CLANG_WARN_ENUM_CONVERSION = YES;
				CLANG_WARN_INFINITE_RECURSION = YES;
				CLANG_WARN_INT_CONVERSION = YES;
				CLANG_WARN_NON_LITERAL_NULL_CONVERSION = YES;
				CLANG_WARN_OBJC_IMPLICIT_RETAIN_SELF = YES;
				CLANG_WARN_OBJC_LITERAL_CONVERSION = YES;
				CLANG_WARN_OBJC_ROOT_CLASS = YES_ERROR;
				CLANG_WARN_QUOTED_INCLUDE_IN_FRAMEWORK_HEADER = YES;
				CLANG_WARN_RANGE_LOOP_ANALYSIS = YES;
				CLANG_WARN_STRICT_PROTOTYPES = YES;
				CLANG_WARN_SUSPICIOUS_MOVE = YES;
				CLANG_WARN_UNGUARDED_AVAILABILITY = YES_AGGRESSIVE;
				CLANG_WARN_UNREACHABLE_CODE = YES;
				CLANG_WARN__DUPLICATE_METHOD_MATCH = YES;
				COPY_PHASE_STRIP = NO;
				DEBUG_INFORMATION_FORMAT = "dwarf-with-dsym";
				ENABLE_NS_ASSERTIONS = NO;
				ENABLE_STRICT_OBJC_MSGSEND = YES;
				GCC_C_LANGUAGE_STANDARD = gnu11;
				GCC_NO_COMMON_BLOCKS = YES;
				GCC_WARN_64_TO_32_BIT_CONVERSION = YES;
				GCC_WARN_ABOUT_RETURN_TYPE = YES_ERROR;
				GCC_WARN_UNDECLARED_SELECTOR = YES;
				GCC_WARN_UNINITIALIZED_AUTOS = YES_AGGRESSIVE;
				GCC_WARN_UNUSED_FUNCTION = YES;
				GCC_WARN_UNUSED_VARIABLE = YES;
				IPHONEOS_DEPLOYMENT_TARGET = 16.4;
				MTL_ENABLE_DEBUG_INFO = NO;
				MTL_FAST_MATH = YES;
				SDKROOT = iphoneos;
				SWIFT_COMPILATION_MODE = wholemodule;
				SWIFT_OPTIMIZATION_LEVEL = "-O";
				VALIDATE_PRODUCT = YES;
			};
			name = Release;
		};
		7006663829FAC60600305FE6 /* Debug */ = {
			isa = XCBuildConfiguration;
			buildSettings = {
				ASSETCATALOG_COMPILER_APPICON_NAME = AppIcon;
				ASSETCATALOG_COMPILER_GLOBAL_ACCENT_COLOR_NAME = AccentColor;
				CODE_SIGN_STYLE = Automatic;
				CURRENT_PROJECT_VERSION = 1;
				DEVELOPMENT_TEAM = VLWS5J8QR3;
				GENERATE_INFOPLIST_FILE = YES;
				INFOPLIST_FILE = TaskListWithRealmTest/App/Info.plist;
				INFOPLIST_KEY_UIApplicationSupportsIndirectInputEvents = YES;
				INFOPLIST_KEY_UILaunchStoryboardName = LaunchScreen;
				INFOPLIST_KEY_UIMainStoryboardFile = Main;
				INFOPLIST_KEY_UISupportedInterfaceOrientations_iPad = "UIInterfaceOrientationPortrait UIInterfaceOrientationPortraitUpsideDown UIInterfaceOrientationLandscapeLeft UIInterfaceOrientationLandscapeRight";
				INFOPLIST_KEY_UISupportedInterfaceOrientations_iPhone = "UIInterfaceOrientationPortrait UIInterfaceOrientationLandscapeLeft UIInterfaceOrientationLandscapeRight";
				LD_RUNPATH_SEARCH_PATHS = (
					"$(inherited)",
					"@executable_path/Frameworks",
				);
				MARKETING_VERSION = 1.0;
				PRODUCT_BUNDLE_IDENTIFIER = senatorova.TaskListWithRealmTest;
				PRODUCT_NAME = "$(TARGET_NAME)";
				SUPPORTED_PLATFORMS = "iphoneos iphonesimulator";
				SUPPORTS_MACCATALYST = NO;
				SUPPORTS_MAC_DESIGNED_FOR_IPHONE_IPAD = NO;
				SWIFT_EMIT_LOC_STRINGS = YES;
				SWIFT_VERSION = 5.0;
				TARGETED_DEVICE_FAMILY = 1;
			};
			name = Debug;
		};
		7006663929FAC60600305FE6 /* Release */ = {
			isa = XCBuildConfiguration;
			buildSettings = {
				ASSETCATALOG_COMPILER_APPICON_NAME = AppIcon;
				ASSETCATALOG_COMPILER_GLOBAL_ACCENT_COLOR_NAME = AccentColor;
				CODE_SIGN_STYLE = Automatic;
				CURRENT_PROJECT_VERSION = 1;
				DEVELOPMENT_TEAM = VLWS5J8QR3;
				GENERATE_INFOPLIST_FILE = YES;
				INFOPLIST_FILE = TaskListWithRealmTest/App/Info.plist;
				INFOPLIST_KEY_UIApplicationSupportsIndirectInputEvents = YES;
				INFOPLIST_KEY_UILaunchStoryboardName = LaunchScreen;
				INFOPLIST_KEY_UIMainStoryboardFile = Main;
				INFOPLIST_KEY_UISupportedInterfaceOrientations_iPad = "UIInterfaceOrientationPortrait UIInterfaceOrientationPortraitUpsideDown UIInterfaceOrientationLandscapeLeft UIInterfaceOrientationLandscapeRight";
				INFOPLIST_KEY_UISupportedInterfaceOrientations_iPhone = "UIInterfaceOrientationPortrait UIInterfaceOrientationLandscapeLeft UIInterfaceOrientationLandscapeRight";
				LD_RUNPATH_SEARCH_PATHS = (
					"$(inherited)",
					"@executable_path/Frameworks",
				);
				MARKETING_VERSION = 1.0;
				PRODUCT_BUNDLE_IDENTIFIER = senatorova.TaskListWithRealmTest;
				PRODUCT_NAME = "$(TARGET_NAME)";
				SUPPORTED_PLATFORMS = "iphoneos iphonesimulator";
				SUPPORTS_MACCATALYST = NO;
				SUPPORTS_MAC_DESIGNED_FOR_IPHONE_IPAD = NO;
				SWIFT_EMIT_LOC_STRINGS = YES;
				SWIFT_VERSION = 5.0;
				TARGETED_DEVICE_FAMILY = 1;
			};
			name = Release;
		};
/* End XCBuildConfiguration section */

/* Begin XCConfigurationList section */
		7006661E29FAC60400305FE6 /* Build configuration list for PBXProject "TaskListWithRealmTest" */ = {
			isa = XCConfigurationList;
			buildConfigurations = (
				7006663529FAC60600305FE6 /* Debug */,
				7006663629FAC60600305FE6 /* Release */,
			);
			defaultConfigurationIsVisible = 0;
			defaultConfigurationName = Release;
		};
		7006663729FAC60600305FE6 /* Build configuration list for PBXNativeTarget "TaskListWithRealmTest" */ = {
			isa = XCConfigurationList;
			buildConfigurations = (
				7006663829FAC60600305FE6 /* Debug */,
				7006663929FAC60600305FE6 /* Release */,
			);
			defaultConfigurationIsVisible = 0;
			defaultConfigurationName = Release;
		};
/* End XCConfigurationList section */

/* Begin XCRemoteSwiftPackageReference section */
		7006663A29FAC73800305FE6 /* XCRemoteSwiftPackageReference "realm-swift" */ = {
			isa = XCRemoteSwiftPackageReference;
			repositoryURL = "https://github.com/realm/realm-swift.git";
			requirement = {
				branch = master;
				kind = branch;
			};
		};
/* End XCRemoteSwiftPackageReference section */

/* Begin XCSwiftPackageProductDependency section */
		7006664029FB119C00305FE6 /* Realm */ = {
			isa = XCSwiftPackageProductDependency;
			package = 7006663A29FAC73800305FE6 /* XCRemoteSwiftPackageReference "realm-swift" */;
			productName = Realm;
		};
		7006664229FB119C00305FE6 /* RealmSwift */ = {
			isa = XCSwiftPackageProductDependency;
			package = 7006663A29FAC73800305FE6 /* XCRemoteSwiftPackageReference "realm-swift" */;
			productName = RealmSwift;
		};
/* End XCSwiftPackageProductDependency section */
	};
	rootObject = 7006661B29FAC60400305FE6 /* Project object */;
}
